
Microsoft Visual Studio Solution File, Format Version 12.00
# Visual Studio Version 17
VisualStudioVersion = 17.1.31911.260
MinimumVisualStudioVersion = 10.0.40219.1
Project("{FAE04EC0-301F-11D3-BF4B-00C04F79EFBC}") = "BiliAPI", "BiliAPI\BiliAPI.csproj", "{5B375FE4-D700-4219-B004-842FAFDE86C6}"
EndProject
Project("{FAE04EC0-301F-11D3-BF4B-00C04F79EFBC}") = "BiliAPI.Test", "BiliAPI.Test\BiliAPI.Test.csproj", "{1D725215-3E38-40F5-BE23-1A73BFEF145F}"
EndProject
Global
	GlobalSection(SolutionConfigurationPlatforms) = preSolution
		Debug|Any CPU = Debug|Any CPU
		Release|Any CPU = Release|Any CPU
	EndGlobalSection
	GlobalSection(ProjectConfigurationPlatforms) = postSolution
		{5B375FE4-D700-4219-B004-842FAFDE86C6}.Debug|Any CPU.ActiveCfg = Debug|Any CPU
		{5B375FE4-D700-4219-B004-842FAFDE86C6}.Debug|Any CPU.Build.0 = Debug|Any CPU
		{5B375FE4-D700-4219-B004-842FAFDE86C6}.Release|Any CPU.ActiveCfg = Release|Any CPU
		{5B375FE4-D700-4219-B004-842FAFDE86C6}.Release|Any CPU.Build.0 = Release|Any CPU
		{1D725215-3E38-40F5-BE23-1A73BFEF145F}.Debug|Any CPU.ActiveCfg = Debug|Any CPU
		{1D725215-3E38-40F5-BE23-1A73BFEF145F}.Debug|Any CPU.Build.0 = Debug|Any CPU
		{1D725215-3E38-40F5-BE23-1A73BFEF145F}.Release|Any CPU.ActiveCfg = Release|Any CPU
		{1D725215-3E38-40F5-BE23-1A73BFEF145F}.Release|Any CPU.Build.0 = Release|Any CPU
	EndGlobalSection
	GlobalSection(SolutionProperties) = preSolution
		HideSolutionNode = FALSE
	EndGlobalSection
	GlobalSection(ExtensibilityGlobals) = postSolution
		SolutionGuid = {3D747287-BB94-4535-91E5-C097739797A9}
	EndGlobalSection
EndGlobal
